
Microsoft Visual Studio Solution File, Format Version 12.00
# Visual Studio Version 17
VisualStudioVersion = 17.14.36121.58
MinimumVisualStudioVersion = 10.0.40219.1
Project("{FAE04EC0-301F-11D3-BF4B-00C04F79EFBC}") = "TodoApps", "TodoApps\TodoApps.csproj", "{2BD5BECB-414A-48AD-98B9-F7B4875E86EB}"
EndProject
Global
	GlobalSection(SolutionConfigurationPlatforms) = preSolution
		Debug|Any CPU = Debug|Any CPU
		Release|Any CPU = Release|Any CPU
	EndGlobalSection
	GlobalSection(ProjectConfigurationPlatforms) = postSolution
		{2BD5BECB-414A-48AD-98B9-F7B4875E86EB}.Debug|Any CPU.ActiveCfg = Debug|Any CPU
		{2BD5BECB-414A-48AD-98B9-F7B4875E86EB}.Debug|Any CPU.Build.0 = Debug|Any CPU
		{2BD5BECB-414A-48AD-98B9-F7B4875E86EB}.Release|Any CPU.ActiveCfg = Release|Any CPU
		{2BD5BECB-414A-48AD-98B9-F7B4875E86EB}.Release|Any CPU.Build.0 = Release|Any CPU
	EndGlobalSection
	GlobalSection(SolutionProperties) = preSolution
		HideSolutionNode = FALSE
	EndGlobalSection
	GlobalSection(ExtensibilityGlobals) = postSolution
		SolutionGuid = {54D8BE0F-F40D-4FD3-835E-62F551D1E124}
	EndGlobalSection
EndGlobal
